
Microsoft Visual Studio Solution File, Format Version 12.00
# Visual Studio Version 16
VisualStudioVersion = 16.0.33027.164
MinimumVisualStudioVersion = 10.0.40219.1
Project("{9A19103F-16F7-4668-BE54-9A1E7A4F7556}") = "CarRentalManagement.Server", "CarRentalManagement\Server\CarRentalManagement.Server.csproj", "{D5ADCE8F-A0CD-426A-BA8F-34C710623625}"
EndProject
Project("{9A19103F-16F7-4668-BE54-9A1E7A4F7556}") = "CarRentalManagement.Client", "CarRentalManagement\Client\CarRentalManagement.Client.csproj", "{ED29619E-A797-4C41-BE1B-B9B595914A0D}"
EndProject
Project("{9A19103F-16F7-4668-BE54-9A1E7A4F7556}") = "CarRentalManagement.Shared", "CarRentalManagement\Shared\CarRentalManagement.Shared.csproj", "{5751374D-BBCE-4B34-AA9E-563266902043}"
EndProject
Global
	GlobalSection(SolutionConfigurationPlatforms) = preSolution
		Debug|Any CPU = Debug|Any CPU
		Release|Any CPU = Release|Any CPU
	EndGlobalSection
	GlobalSection(ProjectConfigurationPlatforms) = postSolution
		{D5ADCE8F-A0CD-426A-BA8F-34C710623625}.Debug|Any CPU.ActiveCfg = Debug|Any CPU
		{D5ADCE8F-A0CD-426A-BA8F-34C710623625}.Debug|Any CPU.Build.0 = Debug|Any CPU
		{D5ADCE8F-A0CD-426A-BA8F-34C710623625}.Release|Any CPU.ActiveCfg = Release|Any CPU
		{D5ADCE8F-A0CD-426A-BA8F-34C710623625}.Release|Any CPU.Build.0 = Release|Any CPU
		{ED29619E-A797-4C41-BE1B-B9B595914A0D}.Debug|Any CPU.ActiveCfg = Debug|Any CPU
		{ED29619E-A797-4C41-BE1B-B9B595914A0D}.Debug|Any CPU.Build.0 = Debug|Any CPU
		{ED29619E-A797-4C41-BE1B-B9B595914A0D}.Release|Any CPU.ActiveCfg = Release|Any CPU
		{ED29619E-A797-4C41-BE1B-B9B595914A0D}.Release|Any CPU.Build.0 = Release|Any CPU
		{5751374D-BBCE-4B34-AA9E-563266902043}.Debug|Any CPU.ActiveCfg = Debug|Any CPU
		{5751374D-BBCE-4B34-AA9E-563266902043}.Debug|Any CPU.Build.0 = Debug|Any CPU
		{5751374D-BBCE-4B34-AA9E-563266902043}.Release|Any CPU.ActiveCfg = Release|Any CPU
		{5751374D-BBCE-4B34-AA9E-563266902043}.Release|Any CPU.Build.0 = Release|Any CPU
	EndGlobalSection
	GlobalSection(SolutionProperties) = preSolution
		HideSolutionNode = FALSE
	EndGlobalSection
	GlobalSection(ExtensibilityGlobals) = postSolution
		SolutionGuid = {F6B7B2E0-B825-4DDC-B822-53E32413DD32}
	EndGlobalSection
EndGlobal
